PODS:
  - Capacitor (7.2.0):
    - CapacitorCordova
  - CapacitorApp (7.0.1):
    - Capacitor
  - CapacitorBrowser (7.0.1):
    - Capacitor
  - CapacitorCordova (7.2.0)
  - CapacitorFilesystem (7.0.1):
    - Capacitor

DEPENDENCIES:
  - "Capacitor (from `../../node_modules/.pnpm/@capacitor+ios@7.2.0_@capacitor+core@7.2.0/node_modules/@capacitor/ios`)"
  - "CapacitorApp (from `../../node_modules/.pnpm/@capacitor+app@7.0.1_@capacitor+core@7.2.0/node_modules/@capacitor/app`)"
  - "CapacitorBrowser (from `../../node_modules/.pnpm/@capacitor+browser@7.0.1_@capacitor+core@7.2.0/node_modules/@capacitor/browser`)"
  - "CapacitorCordova (from `../../node_modules/.pnpm/@capacitor+ios@7.2.0_@capacitor+core@7.2.0/node_modules/@capacitor/ios`)"
  - "CapacitorFilesystem (from `../../node_modules/.pnpm/@capacitor+filesystem@7.0.1_@capacitor+core@7.2.0/node_modules/@capacitor/filesystem`)"

EXTERNAL SOURCES:
  Capacitor:
    :path: "../../node_modules/.pnpm/@capacitor+ios@7.2.0_@capacitor+core@7.2.0/node_modules/@capacitor/ios"
  CapacitorApp:
    :path: "../../node_modules/.pnpm/@capacitor+app@7.0.1_@capacitor+core@7.2.0/node_modules/@capacitor/app"
  CapacitorBrowser:
    :path: "../../node_modules/.pnpm/@capacitor+browser@7.0.1_@capacitor+core@7.2.0/node_modules/@capacitor/browser"
  CapacitorCordova:
    :path: "../../node_modules/.pnpm/@capacitor+ios@7.2.0_@capacitor+core@7.2.0/node_modules/@capacitor/ios"
  CapacitorFilesystem:
    :path: "../../node_modules/.pnpm/@capacitor+filesystem@7.0.1_@capacitor+core@7.2.0/node_modules/@capacitor/filesystem"

SPEC CHECKSUMS:
  Capacitor: 03bc7cbdde6a629a8b910a9d7d78c3cc7ed09ea7
  CapacitorApp: febecbb9582cb353aed037e18ec765141f880fe9
  CapacitorBrowser: 6299776d496e968505464884d565992faa20444a
  CapacitorCordova: 5967b9ba03915ef1d585469d6e31f31dc49be96f
  CapacitorFilesystem: e6261c410436f54908c11f94336c5b58286b1db0

PODFILE CHECKSUM: 1110118f762b56f16775185592f448541e367be8

COCOAPODS: 1.16.2
